<?xml version="1.0" encoding="utf-8"?>
<Project ToolsVersion="4.0" xmlns="http://schemas.microsoft.com/developer/msbuild/2003">
  <ItemGroup>
    <Filter Include="Source Files">
      <UniqueIdentifier>{4FC737F1-C7A5-4376-A066-2A32D752A2FF}</UniqueIdentifier>
      <Extensions>cpp;c;cc;cxx;def;odl;idl;hpj;bat;asm;asmx</Extensions>
    </Filter>
    <Filter Include="Header Files">
      <UniqueIdentifier>{93995380-89BD-4b04-88EB-625FBE52EBFB}</UniqueIdentifier>
      <Extensions>h;hh;hpp;hxx;hm;inl;inc;ipp;xsd</Extensions>
    </Filter>
    <Filter Include="Resource Files">
      <UniqueIdentifier>{67DA6AB6-F800-4c08-8B7A-83BB121AAD01}</UniqueIdentifier>
      <Extensions>rc;ico;cur;bmp;dlg;rc2;rct;bin;rgs;gif;jpg;jpeg;jpe;resx;tiff;tif;png;wav;mfcribbon-ms</Extensions>
    </Filter>
    <Filter Include="Header Files\MessageClasses">
      <UniqueIdentifier>{2c296806-3f66-4530-87c1-d753effd5ae6}</UniqueIdentifier>
    </Filter>
    <Filter Include="Header Files\CustomUtils">
      <UniqueIdentifier>{8fa5f9f2-811d-40d5-bc8c-14ad32d448ea}</UniqueIdentifier>
    </Filter>
    <Filter Include="framework">
      <UniqueIdentifier>{cd57c879-e559-4e49-ae7c-d668f3f9f145}</UniqueIdentifier>
    </Filter>
    <Filter Include="appdata">
      <UniqueIdentifier>{05b979e1-70b5-41db-9619-b24148869719}</UniqueIdentifier>
    </Filter>
    <Filter Include="ManagerUtils">
      <UniqueIdentifier>{9b846f52-6cce-4d26-87af-d90ba9002f20}</UniqueIdentifier>
    </Filter>
    <Filter Include="ManagerUtils\DrawingClasses">
      <UniqueIdentifier>{2c98fcd2-5947-4521-a1b3-64626360daa6}</UniqueIdentifier>
    </Filter>
    <Filter Include="ManagerUtils\RaceClasses">
      <UniqueIdentifier>{07afd9a4-cbf8-4d2b-bfbb-77672e8bd8e8}</UniqueIdentifier>
    </Filter>
    <Filter Include="ManagerUtils\AreaMapManager">
      <UniqueIdentifier>{7b04006b-5e6b-4ea3-86a2-49f71142bebe}</UniqueIdentifier>
    </Filter>
    <Filter Include="ManagerUtils\SeinCharacterClasses">
      <UniqueIdentifier>{1d4ab8ce-450c-45c8-8e97-7e0a7af1bce2}</UniqueIdentifier>
    </Filter>
    <Filter Include="ManagerUtils\SceneHelper">
      <UniqueIdentifier>{8db874dd-a1ec-4ebf-9437-7b86372a2a70}</UniqueIdentifier>
    </Filter>
    <Filter Include="ManagerUtils\MessageHelper">
      <UniqueIdentifier>{d34c34db-281d-4f9c-9cc0-552bf2490f4a}</UniqueIdentifier>
    </Filter>
    <Filter Include="Header Files\OldStuff">
      <UniqueIdentifier>{9197d56d-0cbc-40c8-b6d6-cd363963b97b}</UniqueIdentifier>
    </Filter>
    <Filter Include="Header Files\OldStuff\MoonTypes">
      <UniqueIdentifier>{dd59e510-88ee-4b70-8798-b9f330e45390}</UniqueIdentifier>
    </Filter>
    <Filter Include="Header Files\OldStuff\GhostClasses">
      <UniqueIdentifier>{853d5636-46ab-402d-a46b-f01407f0bc1f}</UniqueIdentifier>
    </Filter>
    <Filter Include="Header Files\OldStuff\GameClasses">
      <UniqueIdentifier>{c0c45a46-ff59-4136-941c-c31537db1600}</UniqueIdentifier>
    </Filter>
    <Filter Include="appdata\types">
      <UniqueIdentifier>{9bd05992-9e5c-4aca-844f-6f241a73de74}</UniqueIdentifier>
    </Filter>
    <Filter Include="ManagerUtils\AnimationClasses">
      <UniqueIdentifier>{32335c89-63e5-435d-a0b0-0d083c9aef2e}</UniqueIdentifier>
    </Filter>
    <Filter Include="ManagerUtils\RaceClasses\FrameLogClasses">
      <UniqueIdentifier>{b5f85b1d-d369-4771-97f7-893e1179545d}</UniqueIdentifier>
    </Filter>
    <Filter Include="ManagerUtils\MessageHelper\ServerClasses">
      <UniqueIdentifier>{d6623664-c06c-4456-88b4-3217388138ac}</UniqueIdentifier>
    </Filter>
    <Filter Include="ManagerUtils\CustomHelperClasses">
      <UniqueIdentifier>{a2fd6f9d-dfc8-423b-9487-14773be4d712}</UniqueIdentifier>
    </Filter>
  </ItemGroup>
  <ItemGroup>
    <ClCompile Include="inject.cpp">
      <Filter>Source Files</Filter>
    </ClCompile>
    <ClCompile Include="Manager.cpp">
      <Filter>Source Files</Filter>
    </ClCompile>
    <ClCompile Include="RaceClasses\Logger\FrameLogger.cpp">
      <Filter>Source Files</Filter>
    </ClCompile>
    <ClCompile Include="RaceClasses\Logger\FrameLoggerSingleFrame.cpp">
      <Filter>Source Files</Filter>
    </ClCompile>
    <ClCompile Include="RaceClasses\GhostHandler.cpp">
      <Filter>Source Files</Filter>
    </ClCompile>
    <ClCompile Include="RaceClasses\RaceManager.cpp">
      <Filter>Source Files</Filter>
    </ClCompile>
    <ClCompile Include="RaceClasses\RaceTime.cpp">
      <Filter>Source Files</Filter>
    </ClCompile>
    <ClCompile Include="Moon Helpers\Animation\MoonAnimationHelper.cpp">
      <Filter>Source Files</Filter>
    </ClCompile>
    <ClCompile Include="Moon Helpers\GameWorld\AreaMapManager.cpp">
      <Filter>Source Files</Filter>
    </ClCompile>
    <ClCompile Include="Moon Helpers\GameWorld\GameWorldHelper.cpp">
      <Filter>Source Files</Filter>
    </ClCompile>
    <ClCompile Include="Moon Helpers\Scenes\TemSceneHelper.cpp">
      <Filter>Source Files</Filter>
    </ClCompile>
    <ClCompile Include="Moon Helpers\Sein\SeinCharacterHelper.cpp">
      <Filter>Source Files</Filter>
    </ClCompile>
    <ClCompile Include="MessageClasses\MessageHelper.cpp">
      <Filter>Source Files</Filter>
    </ClCompile>
    <ClCompile Include="Il2Cpp\framework\helpers.cpp">
      <Filter>Source Files</Filter>
    </ClCompile>
    <ClCompile Include="Il2Cpp\framework\il2cpp-init.cpp">
      <Filter>Source Files</Filter>
    </ClCompile>
    <ClCompile Include="Il2Cpp\framework\pch-il2cpp.cpp">
      <Filter>Source Files</Filter>
    </ClCompile>
    <ClCompile Include="Helper Classes\Adresses.cpp">
      <Filter>Source Files</Filter>
    </ClCompile>
    <ClCompile Include="DrawerClasses\CreateUI.cpp">
      <Filter>Source Files</Filter>
    </ClCompile>
    <ClCompile Include="DrawerClasses\DebugDrawer.cpp">
      <Filter>Source Files</Filter>
    </ClCompile>
    <ClCompile Include="DrawerClasses\GraphDrawer.cpp">
      <Filter>Source Files</Filter>
    </ClCompile>
    <ClCompile Include="RaceClasses\TemRecorder.cpp">
      <Filter>Source Files</Filter>
    </ClCompile>
    <ClCompile Include="Moon Helpers\GameWorld\UberStateManager.cpp">
      <Filter>Source Files</Filter>
    </ClCompile>
    <ClCompile Include="Moon Helpers\Sein\SavesHelper.cpp">
      <Filter>Source Files</Filter>
    </ClCompile>
    <ClCompile Include="Custom Types\Tem.cpp">
      <Filter>Source Files</Filter>
    </ClCompile>
    <ClCompile Include="Moon Helpers\TemFramework\FieldHelper.cpp">
      <Filter>Source Files</Filter>
    </ClCompile>
    <ClCompile Include="Moon Helpers\TemFramework\PropertyHelper.cpp">
      <Filter>Source Files</Filter>
    </ClCompile>
    <ClCompile Include="Moon Helpers\TemFramework\TemFramework.cpp">
      <Filter>Source Files</Filter>
    </ClCompile>
    <ClCompile Include="Moon Helpers\TemFramework\FrameworkJSON.cpp">
      <Filter>Source Files</Filter>
    </ClCompile>
    <ClCompile Include="MessageClasses\TemLogger.cpp">
      <Filter>Source Files</Filter>
    </ClCompile>
    <ClCompile Include="BaseClasses\Global.cpp">
      <Filter>Source Files</Filter>
    </ClCompile>
    <ClCompile Include="Moon Helpers\Scenes\SceneStructure\Component.cpp">
      <Filter>Source Files</Filter>
    </ClCompile>
    <ClCompile Include="Moon Helpers\Scenes\SceneStructure\SceneList.cpp">
      <Filter>Source Files</Filter>
    </ClCompile>
    <ClCompile Include="Moon Helpers\Scenes\SceneStructure\SceneHierarchy.cpp">
      <Filter>Source Files</Filter>
    </ClCompile>
    <ClCompile Include="Moon Helpers\Scenes\SceneStructure\SceneObject.cpp">
      <Filter>Source Files</Filter>
    </ClCompile>
    <ClCompile Include="Moon Helpers\Scenes\SceneStructure\ScenesJSON.cpp">
      <Filter>Source Files</Filter>
    </ClCompile>
    <ClCompile Include="BaseClasses\UIEvents.cpp">
      <Filter>Source Files</Filter>
    </ClCompile>
    <ClCompile Include="BaseClasses\Gizmo\Gizmo.cpp">
      <Filter>Source Files</Filter>
    </ClCompile>
    <ClCompile Include="BaseClasses\Gizmo\GizmoEvents.cpp">
      <Filter>Source Files</Filter>
    </ClCompile>
    <ClCompile Include="Moon Helpers\Sein\VisualEditor\SeinVisuals\BowVisual.cpp">
      <Filter>Source Files</Filter>
    </ClCompile>
    <ClCompile Include="Moon Helpers\Sein\VisualEditor\SeinVisuals\GlideVisual.cpp">
      <Filter>Source Files</Filter>
    </ClCompile>
    <ClCompile Include="Moon Helpers\Sein\VisualEditor\SeinVisuals\GrenadeVisual.cpp">
      <Filter>Source Files</Filter>
    </ClCompile>
    <ClCompile Include="Moon Helpers\Sein\VisualEditor\SeinVisuals\HammerVisual.cpp">
      <Filter>Source Files</Filter>
    </ClCompile>
    <ClCompile Include="Moon Helpers\Sein\VisualEditor\SeinVisuals\OriVisual.cpp">
      <Filter>Source Files</Filter>
    </ClCompile>
    <ClCompile Include="Moon Helpers\Sein\VisualEditor\SeinVisuals\SeinVisual.cpp">
      <Filter>Source Files</Filter>
    </ClCompile>
    <ClCompile Include="Moon Helpers\Sein\VisualEditor\SeinVisuals\SwordVisual.cpp">
      <Filter>Source Files</Filter>
    </ClCompile>
    <ClCompile Include="Moon Helpers\Sein\VisualEditor\SeinVisuals\TorchVisual.cpp">
      <Filter>Source Files</Filter>
    </ClCompile>
    <ClCompile Include="Moon Helpers\Sein\VisualEditor\SeinVisualEditor.cpp">
      <Filter>Source Files</Filter>
    </ClCompile>
    <ClCompile Include="ManagerDef.cpp">
      <Filter>Source Files</Filter>
    </ClCompile>
    <ClCompile Include="Helper Classes\String Helpers\Base64.cpp">
      <Filter>Source Files</Filter>
    </ClCompile>
    <ClCompile Include="Helper Classes\String Helpers\MD5.cpp">
      <Filter>Source Files</Filter>
    </ClCompile>
    <ClCompile Include="BaseClasses\Creators\CollisionCreator.cpp">
      <Filter>Source Files</Filter>
    </ClCompile>
    <ClCompile Include="BaseClasses\Creators\ObjectCreator.cpp">
      <Filter>Source Files</Filter>
    </ClCompile>
    <ClCompile Include="MessageClasses\JSON\SimpleJson.cpp">
      <Filter>Source Files</Filter>
    </ClCompile>
    <ClCompile Include="MessageClasses\Socket\TemUser.cpp">
      <Filter>Source Files</Filter>
    </ClCompile>
    <ClCompile Include="MessageClasses\Socket\TemSocket.cpp">
      <Filter>Source Files</Filter>
    </ClCompile>
    <ClCompile Include="BaseClasses\Creators\MeshUtility.cpp">
      <Filter>Source Files</Filter>
    </ClCompile>
    <ClCompile Include="DrawerClasses\UIElements\TreeItem.cpp">
      <Filter>Source Files</Filter>
    </ClCompile>
    <ClCompile Include="BaseClasses\Creators\Collision.cpp">
      <Filter>Source Files</Filter>
    </ClCompile>
    <ClCompile Include="Moon Helpers\Scenes\SceneStructure\SceneData.cpp">
      <Filter>Source Files</Filter>
    </ClCompile>
    <ClCompile Include="Custom Types\Vector3.cpp">
      <Filter>Source Files</Filter>
    </ClCompile>
    <ClCompile Include="Custom Types\Vector4.cpp">
      <Filter>Source Files</Filter>
    </ClCompile>
    <ClCompile Include="Custom Types\Vector2.cpp">
      <Filter>Source Files</Filter>
    </ClCompile>
  </ItemGroup>
  <ItemGroup>
    <ClInclude Include="inject.h">
      <Filter>Header Files</Filter>
    </ClInclude>
    <ClInclude Include="Manager.h">
      <Filter>Header Files</Filter>
    </ClInclude>
    <ClInclude Include="RaceClasses\Logger\FrameLogger.h">
      <Filter>Header Files</Filter>
    </ClInclude>
    <ClInclude Include="RaceClasses\Logger\FrameLoggerSingleFrame.h">
      <Filter>Header Files</Filter>
    </ClInclude>
    <ClInclude Include="RaceClasses\GhostHandler.h">
      <Filter>Header Files</Filter>
    </ClInclude>
    <ClInclude Include="RaceClasses\RaceManager.h">
      <Filter>Header Files</Filter>
    </ClInclude>
    <ClInclude Include="RaceClasses\RaceTime.h">
      <Filter>Header Files</Filter>
    </ClInclude>
    <ClInclude Include="Moon Helpers\Animation\MoonAnimationHelper.h">
      <Filter>Header Files</Filter>
    </ClInclude>
    <ClInclude Include="Moon Helpers\GameWorld\AreaMapManager.h">
      <Filter>Header Files</Filter>
    </ClInclude>
    <ClInclude Include="Moon Helpers\GameWorld\GameWorldHelper.h">
      <Filter>Header Files</Filter>
    </ClInclude>
    <ClInclude Include="Moon Helpers\Scenes\TemSceneHelper.h">
      <Filter>Header Files</Filter>
    </ClInclude>
    <ClInclude Include="Moon Helpers\Sein\SeinCharacterHelper.h">
      <Filter>Header Files</Filter>
    </ClInclude>
    <ClInclude Include="MessageClasses\MessageClass.h">
      <Filter>Header Files</Filter>
    </ClInclude>
    <ClInclude Include="MessageClasses\MessageHelper.h">
      <Filter>Header Files</Filter>
    </ClInclude>
    <ClInclude Include="Il2Cpp\appdata\Types\il2cpp-types1.h">
      <Filter>Header Files</Filter>
    </ClInclude>
    <ClInclude Include="Il2Cpp\appdata\Types\il2cpp-types2.h">
      <Filter>Header Files</Filter>
    </ClInclude>
    <ClInclude Include="Il2Cpp\appdata\Types\il2cpp-types3.h">
      <Filter>Header Files</Filter>
    </ClInclude>
    <ClInclude Include="Il2Cpp\appdata\Types\il2cpp-types4.h">
      <Filter>Header Files</Filter>
    </ClInclude>
    <ClInclude Include="Il2Cpp\appdata\Types\il2cpp-types5.h">
      <Filter>Header Files</Filter>
    </ClInclude>
    <ClInclude Include="Il2Cpp\appdata\Types\il2cpp-types6.h">
      <Filter>Header Files</Filter>
    </ClInclude>
    <ClInclude Include="Il2Cpp\appdata\Types\il2cpp-types7.h">
      <Filter>Header Files</Filter>
    </ClInclude>
    <ClInclude Include="Il2Cpp\appdata\Types\il2cpp-types8.h">
      <Filter>Header Files</Filter>
    </ClInclude>
    <ClInclude Include="Il2Cpp\appdata\Types\il2cpp-types9.h">
      <Filter>Header Files</Filter>
    </ClInclude>
    <ClInclude Include="Il2Cpp\appdata\Types\il2cpp-types10.h">
      <Filter>Header Files</Filter>
    </ClInclude>
    <ClInclude Include="Il2Cpp\appdata\Types\il2cpp-types11.h">
      <Filter>Header Files</Filter>
    </ClInclude>
    <ClInclude Include="Il2Cpp\appdata\Types\il2cpp-types12.h">
      <Filter>Header Files</Filter>
    </ClInclude>
    <ClInclude Include="Il2Cpp\appdata\Types\il2cpp-types13.h">
      <Filter>Header Files</Filter>
    </ClInclude>
    <ClInclude Include="Il2Cpp\appdata\il2cpp-api-functions.h">
      <Filter>Header Files</Filter>
    </ClInclude>
    <ClInclude Include="Il2Cpp\appdata\il2cpp-api-functions-ptr.h">
      <Filter>Header Files</Filter>
    </ClInclude>
    <ClInclude Include="Il2Cpp\appdata\il2cpp-types-ptr.h">
      <Filter>Header Files</Filter>
    </ClInclude>
    <ClInclude Include="Il2Cpp\framework\helpers.h">
      <Filter>Header Files</Filter>
    </ClInclude>
    <ClInclude Include="Il2Cpp\framework\il2cpp-appdata.h">
      <Filter>Header Files</Filter>
    </ClInclude>
    <ClInclude Include="Il2Cpp\framework\il2cpp-init.h">
      <Filter>Header Files</Filter>
    </ClInclude>
    <ClInclude Include="Il2Cpp\framework\pch-il2cpp.h">
      <Filter>Header Files</Filter>
    </ClInclude>
    <ClInclude Include="Helper Classes\Detour\detours.h">
      <Filter>Header Files</Filter>
    </ClInclude>
    <ClInclude Include="Helper Classes\Detour\detver.h">
      <Filter>Header Files</Filter>
    </ClInclude>
    <ClInclude Include="Helper Classes\Detour\syelog.h">
      <Filter>Header Files</Filter>
    </ClInclude>
    <ClInclude Include="Helper Classes\Adresses.h">
      <Filter>Header Files</Filter>
    </ClInclude>
    <ClInclude Include="Helper Classes\CPPBeDumb.h">
      <Filter>Header Files</Filter>
    </ClInclude>
    <ClInclude Include="DrawerClasses\CreateUI.h">
      <Filter>Header Files</Filter>
    </ClInclude>
    <ClInclude Include="DrawerClasses\DebugDrawer.h">
      <Filter>Header Files</Filter>
    </ClInclude>
    <ClInclude Include="DrawerClasses\GraphDrawer.h">
      <Filter>Header Files</Filter>
    </ClInclude>
    <ClInclude Include="Custom Types\Rect.h">
      <Filter>Header Files</Filter>
    </ClInclude>
    <ClInclude Include="Custom Types\Vector3.h">
      <Filter>Header Files</Filter>
    </ClInclude>
    <ClInclude Include="Custom Types\Tem.h">
      <Filter>Header Files</Filter>
    </ClInclude>
    <ClInclude Include="RaceClasses\TemRecorder.h">
      <Filter>Header Files</Filter>
    </ClInclude>
    <ClInclude Include="RaceClasses\RaceEnums.h">
      <Filter>Header Files</Filter>
    </ClInclude>
    <ClInclude Include="Moon Helpers\GameWorld\UberStateManager.h">
      <Filter>Header Files</Filter>
    </ClInclude>
    <ClInclude Include="Moon Helpers\Sein\SavesHelper.h">
      <Filter>Header Files</Filter>
    </ClInclude>
    <ClInclude Include="Il2Cpp\appdata\il2cpp-metadata-version.h">
      <Filter>Header Files</Filter>
    </ClInclude>
    <ClInclude Include="Custom Types\Vector4.h">
      <Filter>Header Files</Filter>
    </ClInclude>
    <ClInclude Include="Il2Cpp\appdata\Types\il2cpp-types14.h">
      <Filter>Header Files</Filter>
    </ClInclude>
    <ClInclude Include="Il2Cpp\appdata\Types\il2cpp-types15.h">
      <Filter>Header Files</Filter>
    </ClInclude>
    <ClInclude Include="Il2Cpp\appdata\Types\il2cpp-types16.h">
      <Filter>Header Files</Filter>
    </ClInclude>
    <ClInclude Include="Custom Types\Quaternion.h">
      <Filter>Header Files</Filter>
    </ClInclude>
    <ClInclude Include="Il2Cpp\appdata\Functions\il2cpp-functions1.h">
      <Filter>Header Files</Filter>
    </ClInclude>
    <ClInclude Include="Il2Cpp\appdata\Functions\il2cpp-functions2.h">
      <Filter>Header Files</Filter>
    </ClInclude>
    <ClInclude Include="Il2Cpp\appdata\Functions\il2cpp-functions3.h">
      <Filter>Header Files</Filter>
    </ClInclude>
    <ClInclude Include="Il2Cpp\appdata\Functions\il2cpp-functions4.h">
      <Filter>Header Files</Filter>
    </ClInclude>
    <ClInclude Include="Il2Cpp\appdata\Functions\il2cpp-functions5.h">
      <Filter>Header Files</Filter>
    </ClInclude>
    <ClInclude Include="Il2Cpp\appdata\Functions\il2cpp-functions6.h">
      <Filter>Header Files</Filter>
    </ClInclude>
    <ClInclude Include="Il2Cpp\appdata\Functions\il2cpp-functions7.h">
      <Filter>Header Files</Filter>
    </ClInclude>
    <ClInclude Include="Moon Helpers\TemFramework\FieldHelper.h">
      <Filter>Header Files</Filter>
    </ClInclude>
    <ClInclude Include="Moon Helpers\TemFramework\PropertyHelper.h">
      <Filter>Header Files</Filter>
    </ClInclude>
    <ClInclude Include="Moon Helpers\TemFramework\TemFramework.h">
      <Filter>Header Files</Filter>
    </ClInclude>
    <ClInclude Include="Moon Helpers\TemFramework\FrameworkJSON.h">
      <Filter>Header Files</Filter>
    </ClInclude>
    <ClInclude Include="MessageClasses\TemLogger.h">
      <Filter>Header Files</Filter>
    </ClInclude>
    <ClInclude Include="Custom Types\Vector2.h">
      <Filter>Header Files</Filter>
    </ClInclude>
    <ClInclude Include="Custom Types\UVCalculator.h">
      <Filter>Header Files</Filter>
    </ClInclude>
    <ClInclude Include="Custom Types\TemMath.h">
      <Filter>Header Files</Filter>
    </ClInclude>
    <ClInclude Include="Custom Types\VectorAlgo.h">
      <Filter>Header Files</Filter>
    </ClInclude>
    <ClInclude Include="BaseClasses\Global.h">
      <Filter>Header Files</Filter>
    </ClInclude>
    <ClInclude Include="Moon Helpers\Scenes\SceneStructure\Component.h">
      <Filter>Header Files</Filter>
    </ClInclude>
    <ClInclude Include="Moon Helpers\Scenes\SceneStructure\SceneList.h">
      <Filter>Header Files</Filter>
    </ClInclude>
    <ClInclude Include="Moon Helpers\Scenes\SceneStructure\SceneHierarchy.h">
      <Filter>Header Files</Filter>
    </ClInclude>
    <ClInclude Include="Moon Helpers\Scenes\SceneStructure\SceneObject.h">
      <Filter>Header Files</Filter>
    </ClInclude>
    <ClInclude Include="Moon Helpers\Scenes\SceneStructure\ScenesJSON.h">
      <Filter>Header Files</Filter>
    </ClInclude>
    <ClInclude Include="BaseClasses\UIEvents.h">
      <Filter>Header Files</Filter>
    </ClInclude>
    <ClInclude Include="BaseClasses\Gizmo\GizmoEvents.h">
      <Filter>Header Files</Filter>
    </ClInclude>
    <ClInclude Include="BaseClasses\Gizmo\Gizmo.h">
      <Filter>Header Files</Filter>
    </ClInclude>
    <ClInclude Include="Moon Helpers\Sein\VisualEditor\SeinVisuals\BowVisual.h">
      <Filter>Header Files</Filter>
    </ClInclude>
    <ClInclude Include="Moon Helpers\Sein\VisualEditor\SeinVisuals\GlideVisual.h">
      <Filter>Header Files</Filter>
    </ClInclude>
    <ClInclude Include="Moon Helpers\Sein\VisualEditor\SeinVisuals\GrenadeVisual.h">
      <Filter>Header Files</Filter>
    </ClInclude>
    <ClInclude Include="Moon Helpers\Sein\VisualEditor\SeinVisuals\HammerVisual.h">
      <Filter>Header Files</Filter>
    </ClInclude>
    <ClInclude Include="Moon Helpers\Sein\VisualEditor\SeinVisuals\OriVisual.h">
      <Filter>Header Files</Filter>
    </ClInclude>
    <ClInclude Include="Moon Helpers\Sein\VisualEditor\SeinVisuals\SeinVisual.h">
      <Filter>Header Files</Filter>
    </ClInclude>
    <ClInclude Include="Moon Helpers\Sein\VisualEditor\SeinVisuals\SwordVisual.h">
      <Filter>Header Files</Filter>
    </ClInclude>
    <ClInclude Include="Moon Helpers\Sein\VisualEditor\SeinVisuals\TorchVisual.h">
      <Filter>Header Files</Filter>
    </ClInclude>
    <ClInclude Include="Moon Helpers\Sein\VisualEditor\SeinVisualEditor.h">
      <Filter>Header Files</Filter>
    </ClInclude>
    <ClInclude Include="ManagerDef.h">
      <Filter>Header Files</Filter>
    </ClInclude>
    <ClInclude Include="Helper Classes\String Helpers\Base64.h">
      <Filter>Header Files</Filter>
    </ClInclude>
    <ClInclude Include="Helper Classes\String Helpers\MD5.h">
      <Filter>Header Files</Filter>
    </ClInclude>
    <ClInclude Include="Helper Classes\String Helpers\StringUtils.h">
      <Filter>Header Files</Filter>
    </ClInclude>
    <ClInclude Include="BaseClasses\Creators\CollisionCreator.h">
      <Filter>Header Files</Filter>
    </ClInclude>
    <ClInclude Include="BaseClasses\Creators\ObjectCreator.h">
      <Filter>Header Files</Filter>
    </ClInclude>
    <ClInclude Include="MessageClasses\JSON\json.hpp">
      <Filter>Header Files</Filter>
    </ClInclude>
    <ClInclude Include="MessageClasses\JSON\SimpleJson.h">
      <Filter>Header Files</Filter>
    </ClInclude>
    <ClInclude Include="MessageClasses\Socket\TemUser.h">
      <Filter>Header Files</Filter>
    </ClInclude>
    <ClInclude Include="MessageClasses\Socket\TemSocket.h">
      <Filter>Header Files</Filter>
    </ClInclude>
    <ClInclude Include="BaseClasses\Creators\MeshUtility.h">
      <Filter>Header Files</Filter>
    </ClInclude>
    <ClInclude Include="DrawerClasses\UIElements\TreeItem.h">
      <Filter>Header Files</Filter>
    </ClInclude>
    <ClInclude Include="Custom Types\Bounds.h">
      <Filter>Header Files</Filter>
    </ClInclude>
    <ClInclude Include="BaseClasses\Creators\Collision.h">
      <Filter>Header Files</Filter>
    </ClInclude>
    <ClInclude Include="Custom Types\Custom Structs\AnimationContext.h">
      <Filter>Header Files</Filter>
    </ClInclude>
    <ClInclude Include="Custom Types\Custom Structs\AnimatorStateInfo.h">
      <Filter>Header Files</Filter>
    </ClInclude>
    <ClInclude Include="Custom Types\Custom Structs\ExplosionSettings.h">
      <Filter>Header Files</Filter>
    </ClInclude>
    <ClInclude Include="Custom Types\Custom Structs\SharedUpdateData.h">
      <Filter>Header Files</Filter>
    </ClInclude>
    <ClInclude Include="Custom Types\Matrix4x4.h">
      <Filter>Header Files</Filter>
    </ClInclude>
    <ClInclude Include="Moon Helpers\Scenes\SceneStructure\SceneData.h">
      <Filter>Header Files</Filter>
    </ClInclude>
  </ItemGroup>
</Project>